{
  "name": "7ef18fc3781728a1",
  "lockfileVersion": 3,
  "requires": true,
  "packages": {
    "": {
      "dependencies": {
        "@harusame64/desktop-touch-mcp": "^0.12.0"
      }
    },
    "node_modules/@harusame64/desktop-touch-mcp": {
      "version": "0.12.0",
      "resolved": "https://registry.npmjs.org/@harusame64/desktop-touch-mcp/-/desktop-touch-mcp-0.12.0.tgz",
      "integrity": "sha512-mZXa6f0XJ9efFKQ02E96wr4rYwDN0L0XbIOEUUElf2vKsPQBbvY+A1sbQxmuoe2A7oVsKau3/Igx3G81rL3bcw==",
      "license": "MIT",
      "bin": {
        "desktop-touch-mcp": "bin/launcher.js"
      },
      "engines": {
        "node": ">=20.0.0"
      }
    }
  }
}
